
Microsoft Visual Studio Solution File, Format Version 12.00
# TcXaeShell Solution File, Format Version 11.00
VisualStudioVersion = 15.0.28307.1300
MinimumVisualStudioVersion = 10.0.40219.1
Project("{B1E792BE-AA5F-4E3C-8C82-674BF9C0715B}") = "A21v7b", "A21v7b\A21v7b.tsproj", "{1EA5937D-3D2B-4027-94E5-A25FC154C17E}"
EndProject
Global
	GlobalSection(SolutionConfigurationPlatforms) = preSolution
		Debug|TwinCAT CE7 (ARMV7) = Debug|TwinCAT CE7 (ARMV7)
		Debug|TwinCAT OS (ARMT2) = Debug|TwinCAT OS (ARMT2)
		Debug|TwinCAT RT (x64) = Debug|TwinCAT RT (x64)
		Debug|TwinCAT RT (x86) = Debug|TwinCAT RT (x86)
		Release|TwinCAT CE7 (ARMV7) = Release|TwinCAT CE7 (ARMV7)
		Release|TwinCAT OS (ARMT2) = Release|TwinCAT OS (ARMT2)
		Release|TwinCAT RT (x64) = Release|TwinCAT RT (x64)
		Release|TwinCAT RT (x86) = Release|TwinCAT RT (x86)
	EndGlobalSection
	GlobalSection(ProjectConfigurationPlatforms) = postSolution
		{1EA5937D-3D2B-4027-94E5-A25FC154C17E}.Debug|TwinCAT CE7 (ARMV7).ActiveCfg = Debug|TwinCAT CE7 (ARMV7)
		{1EA5937D-3D2B-4027-94E5-A25FC154C17E}.Debug|TwinCAT CE7 (ARMV7).Build.0 = Debug|TwinCAT CE7 (ARMV7)
		{1EA5937D-3D2B-4027-94E5-A25FC154C17E}.Debug|TwinCAT OS (ARMT2).ActiveCfg = Debug|TwinCAT OS (ARMT2)
		{1EA5937D-3D2B-4027-94E5-A25FC154C17E}.Debug|TwinCAT OS (ARMT2).Build.0 = Debug|TwinCAT OS (ARMT2)
		{1EA5937D-3D2B-4027-94E5-A25FC154C17E}.Debug|TwinCAT RT (x64).ActiveCfg = Debug|TwinCAT RT (x64)
		{1EA5937D-3D2B-4027-94E5-A25FC154C17E}.Debug|TwinCAT RT (x64).Build.0 = Debug|TwinCAT RT (x64)
		{1EA5937D-3D2B-4027-94E5-A25FC154C17E}.Debug|TwinCAT RT (x86).ActiveCfg = Debug|TwinCAT RT (x86)
		{1EA5937D-3D2B-4027-94E5-A25FC154C17E}.Debug|TwinCAT RT (x86).Build.0 = Debug|TwinCAT RT (x86)
		{1EA5937D-3D2B-4027-94E5-A25FC154C17E}.Release|TwinCAT CE7 (ARMV7).ActiveCfg = Release|TwinCAT CE7 (ARMV7)
		{1EA5937D-3D2B-4027-94E5-A25FC154C17E}.Release|TwinCAT CE7 (ARMV7).Build.0 = Release|TwinCAT CE7 (ARMV7)
		{1EA5937D-3D2B-4027-94E5-A25FC154C17E}.Release|TwinCAT OS (ARMT2).ActiveCfg = Release|TwinCAT OS (ARMT2)
		{1EA5937D-3D2B-4027-94E5-A25FC154C17E}.Release|TwinCAT OS (ARMT2).Build.0 = Release|TwinCAT OS (ARMT2)
		{1EA5937D-3D2B-4027-94E5-A25FC154C17E}.Release|TwinCAT RT (x64).ActiveCfg = Release|TwinCAT RT (x64)
		{1EA5937D-3D2B-4027-94E5-A25FC154C17E}.Release|TwinCAT RT (x64).Build.0 = Release|TwinCAT RT (x64)
		{1EA5937D-3D2B-4027-94E5-A25FC154C17E}.Release|TwinCAT RT (x86).ActiveCfg = Release|TwinCAT RT (x86)
		{1EA5937D-3D2B-4027-94E5-A25FC154C17E}.Release|TwinCAT RT (x86).Build.0 = Release|TwinCAT RT (x86)
		{D232006A-254D-4F35-9BFE-5131CC19FE71}.Debug|TwinCAT CE7 (ARMV7).ActiveCfg = Debug|TwinCAT CE7 (ARMV7)
		{D232006A-254D-4F35-9BFE-5131CC19FE71}.Debug|TwinCAT CE7 (ARMV7).Build.0 = Debug|TwinCAT CE7 (ARMV7)
		{D232006A-254D-4F35-9BFE-5131CC19FE71}.Debug|TwinCAT OS (ARMT2).ActiveCfg = Debug|TwinCAT OS (ARMT2)
		{D232006A-254D-4F35-9BFE-5131CC19FE71}.Debug|TwinCAT OS (ARMT2).Build.0 = Debug|TwinCAT OS (ARMT2)
		{D232006A-254D-4F35-9BFE-5131CC19FE71}.Debug|TwinCAT RT (x64).ActiveCfg = Debug|TwinCAT RT (x64)
		{D232006A-254D-4F35-9BFE-5131CC19FE71}.Debug|TwinCAT RT (x64).Build.0 = Debug|TwinCAT RT (x64)
		{D232006A-254D-4F35-9BFE-5131CC19FE71}.Debug|TwinCAT RT (x86).ActiveCfg = Debug|TwinCAT RT (x86)
		{D232006A-254D-4F35-9BFE-5131CC19FE71}.Debug|TwinCAT RT (x86).Build.0 = Debug|TwinCAT RT (x86)
		{D232006A-254D-4F35-9BFE-5131CC19FE71}.Release|TwinCAT CE7 (ARMV7).ActiveCfg = Release|TwinCAT CE7 (ARMV7)
		{D232006A-254D-4F35-9BFE-5131CC19FE71}.Release|TwinCAT CE7 (ARMV7).Build.0 = Release|TwinCAT CE7 (ARMV7)
		{D232006A-254D-4F35-9BFE-5131CC19FE71}.Release|TwinCAT OS (ARMT2).ActiveCfg = Release|TwinCAT OS (ARMT2)
		{D232006A-254D-4F35-9BFE-5131CC19FE71}.Release|TwinCAT OS (ARMT2).Build.0 = Release|TwinCAT OS (ARMT2)
		{D232006A-254D-4F35-9BFE-5131CC19FE71}.Release|TwinCAT RT (x64).ActiveCfg = Release|TwinCAT RT (x64)
		{D232006A-254D-4F35-9BFE-5131CC19FE71}.Release|TwinCAT RT (x64).Build.0 = Release|TwinCAT RT (x64)
		{D232006A-254D-4F35-9BFE-5131CC19FE71}.Release|TwinCAT RT (x86).ActiveCfg = Release|TwinCAT RT (x86)
		{D232006A-254D-4F35-9BFE-5131CC19FE71}.Release|TwinCAT RT (x86).Build.0 = Release|TwinCAT RT (x86)
	EndGlobalSection
	GlobalSection(SolutionProperties) = preSolution
		HideSolutionNode = FALSE
	EndGlobalSection
	GlobalSection(ExtensibilityGlobals) = postSolution
		SolutionGuid = {7E4F9C4D-FD70-43B1-8DD3-B25E3A9BA50D}
	EndGlobalSection
EndGlobal
