
Microsoft Visual Studio Solution File, Format Version 12.00
# TcXaeShell Solution File, Format Version 11.00
VisualStudioVersion = 15.0.28307.1300
MinimumVisualStudioVersion = 10.0.40219.1
Project("{B1E792BE-AA5F-4E3C-8C82-674BF9C0715B}") = "AdsAnyNetId", "AdsAnyNetId\AdsAnyNetId.tsproj", "{B0FC3969-DC45-4290-8C95-8E322A541BE1}"
EndProject
Global
	GlobalSection(SolutionConfigurationPlatforms) = preSolution
		Debug|TwinCAT CE7 (ARMV7) = Debug|TwinCAT CE7 (ARMV7)
		Debug|TwinCAT OS (ARMT2) = Debug|TwinCAT OS (ARMT2)
		Debug|TwinCAT RT (x64) = Debug|TwinCAT RT (x64)
		Debug|TwinCAT RT (x86) = Debug|TwinCAT RT (x86)
		Debug|x86 = Debug|x86
		Release|TwinCAT CE7 (ARMV7) = Release|TwinCAT CE7 (ARMV7)
		Release|TwinCAT OS (ARMT2) = Release|TwinCAT OS (ARMT2)
		Release|TwinCAT RT (x64) = Release|TwinCAT RT (x64)
		Release|TwinCAT RT (x86) = Release|TwinCAT RT (x86)
		Release|x86 = Release|x86
	EndGlobalSection
	GlobalSection(ProjectConfigurationPlatforms) = postSolution
		{B0FC3969-DC45-4290-8C95-8E322A541BE1}.Debug|TwinCAT CE7 (ARMV7).ActiveCfg = Debug|TwinCAT CE7 (ARMV7)
		{B0FC3969-DC45-4290-8C95-8E322A541BE1}.Debug|TwinCAT CE7 (ARMV7).Build.0 = Debug|TwinCAT CE7 (ARMV7)
		{B0FC3969-DC45-4290-8C95-8E322A541BE1}.Debug|TwinCAT OS (ARMT2).ActiveCfg = Debug|TwinCAT OS (ARMT2)
		{B0FC3969-DC45-4290-8C95-8E322A541BE1}.Debug|TwinCAT OS (ARMT2).Build.0 = Debug|TwinCAT OS (ARMT2)
		{B0FC3969-DC45-4290-8C95-8E322A541BE1}.Debug|TwinCAT RT (x64).ActiveCfg = Debug|TwinCAT RT (x64)
		{B0FC3969-DC45-4290-8C95-8E322A541BE1}.Debug|TwinCAT RT (x64).Build.0 = Debug|TwinCAT RT (x64)
		{B0FC3969-DC45-4290-8C95-8E322A541BE1}.Debug|TwinCAT RT (x86).ActiveCfg = Debug|TwinCAT RT (x86)
		{B0FC3969-DC45-4290-8C95-8E322A541BE1}.Debug|TwinCAT RT (x86).Build.0 = Debug|TwinCAT RT (x86)
		{B0FC3969-DC45-4290-8C95-8E322A541BE1}.Debug|x86.ActiveCfg = Debug|TwinCAT RT (x86)
		{B0FC3969-DC45-4290-8C95-8E322A541BE1}.Release|TwinCAT CE7 (ARMV7).ActiveCfg = Release|TwinCAT CE7 (ARMV7)
		{B0FC3969-DC45-4290-8C95-8E322A541BE1}.Release|TwinCAT CE7 (ARMV7).Build.0 = Release|TwinCAT CE7 (ARMV7)
		{B0FC3969-DC45-4290-8C95-8E322A541BE1}.Release|TwinCAT OS (ARMT2).ActiveCfg = Release|TwinCAT OS (ARMT2)
		{B0FC3969-DC45-4290-8C95-8E322A541BE1}.Release|TwinCAT OS (ARMT2).Build.0 = Release|TwinCAT OS (ARMT2)
		{B0FC3969-DC45-4290-8C95-8E322A541BE1}.Release|TwinCAT RT (x64).ActiveCfg = Release|TwinCAT RT (x64)
		{B0FC3969-DC45-4290-8C95-8E322A541BE1}.Release|TwinCAT RT (x64).Build.0 = Release|TwinCAT RT (x64)
		{B0FC3969-DC45-4290-8C95-8E322A541BE1}.Release|TwinCAT RT (x86).ActiveCfg = Release|TwinCAT RT (x86)
		{B0FC3969-DC45-4290-8C95-8E322A541BE1}.Release|TwinCAT RT (x86).Build.0 = Release|TwinCAT RT (x86)
		{B0FC3969-DC45-4290-8C95-8E322A541BE1}.Release|x86.ActiveCfg = Release|TwinCAT RT (x86)
		{C6C629C6-D1BC-4A19-B660-7BDD02AC5F41}.Debug|TwinCAT CE7 (ARMV7).ActiveCfg = Debug|TwinCAT CE7 (ARMV7)
		{C6C629C6-D1BC-4A19-B660-7BDD02AC5F41}.Debug|TwinCAT CE7 (ARMV7).Build.0 = Debug|TwinCAT CE7 (ARMV7)
		{C6C629C6-D1BC-4A19-B660-7BDD02AC5F41}.Debug|TwinCAT OS (ARMT2).ActiveCfg = Debug|TwinCAT OS (ARMT2)
		{C6C629C6-D1BC-4A19-B660-7BDD02AC5F41}.Debug|TwinCAT OS (ARMT2).Build.0 = Debug|TwinCAT OS (ARMT2)
		{C6C629C6-D1BC-4A19-B660-7BDD02AC5F41}.Debug|TwinCAT RT (x64).ActiveCfg = Debug|TwinCAT RT (x64)
		{C6C629C6-D1BC-4A19-B660-7BDD02AC5F41}.Debug|TwinCAT RT (x64).Build.0 = Debug|TwinCAT RT (x64)
		{C6C629C6-D1BC-4A19-B660-7BDD02AC5F41}.Debug|TwinCAT RT (x86).ActiveCfg = Debug|TwinCAT RT (x86)
		{C6C629C6-D1BC-4A19-B660-7BDD02AC5F41}.Debug|TwinCAT RT (x86).Build.0 = Debug|TwinCAT RT (x86)
		{C6C629C6-D1BC-4A19-B660-7BDD02AC5F41}.Debug|x86.ActiveCfg = Debug|TwinCAT RT (x86)
		{C6C629C6-D1BC-4A19-B660-7BDD02AC5F41}.Release|TwinCAT CE7 (ARMV7).ActiveCfg = Release|TwinCAT CE7 (ARMV7)
		{C6C629C6-D1BC-4A19-B660-7BDD02AC5F41}.Release|TwinCAT CE7 (ARMV7).Build.0 = Release|TwinCAT CE7 (ARMV7)
		{C6C629C6-D1BC-4A19-B660-7BDD02AC5F41}.Release|TwinCAT OS (ARMT2).ActiveCfg = Release|TwinCAT OS (ARMT2)
		{C6C629C6-D1BC-4A19-B660-7BDD02AC5F41}.Release|TwinCAT OS (ARMT2).Build.0 = Release|TwinCAT OS (ARMT2)
		{C6C629C6-D1BC-4A19-B660-7BDD02AC5F41}.Release|TwinCAT RT (x64).ActiveCfg = Release|TwinCAT RT (x64)
		{C6C629C6-D1BC-4A19-B660-7BDD02AC5F41}.Release|TwinCAT RT (x64).Build.0 = Release|TwinCAT RT (x64)
		{C6C629C6-D1BC-4A19-B660-7BDD02AC5F41}.Release|TwinCAT RT (x86).ActiveCfg = Release|TwinCAT RT (x86)
		{C6C629C6-D1BC-4A19-B660-7BDD02AC5F41}.Release|TwinCAT RT (x86).Build.0 = Release|TwinCAT RT (x86)
		{C6C629C6-D1BC-4A19-B660-7BDD02AC5F41}.Release|x86.ActiveCfg = Release|TwinCAT RT (x86)
	EndGlobalSection
	GlobalSection(SolutionProperties) = preSolution
		HideSolutionNode = FALSE
	EndGlobalSection
	GlobalSection(ExtensibilityGlobals) = postSolution
		SolutionGuid = {CBBB3191-9EC8-4E59-BE68-F9FA89058400}
	EndGlobalSection
EndGlobal
