
Microsoft Visual Studio Solution File, Format Version 12.00
# TcXaeShell Solution File, Format Version 11.00
VisualStudioVersion = 15.0.28307.1300
MinimumVisualStudioVersion = 10.0.40219.1
Project("{B1E792BE-AA5F-4E3C-8C82-674BF9C0715B}") = "MotionCollection", "MotionCollection\MotionCollection.tsproj", "{3FB59492-9567-4C3B-9771-47892F1E721C}"
EndProject
Global
	GlobalSection(SolutionConfigurationPlatforms) = preSolution
		Debug|TwinCAT CE7 (ARMV7) = Debug|TwinCAT CE7 (ARMV7)
		Debug|TwinCAT OS (ARMT2) = Debug|TwinCAT OS (ARMT2)
		Debug|TwinCAT RT (x64) = Debug|TwinCAT RT (x64)
		Debug|TwinCAT RT (x86) = Debug|TwinCAT RT (x86)
		Release|TwinCAT CE7 (ARMV7) = Release|TwinCAT CE7 (ARMV7)
		Release|TwinCAT OS (ARMT2) = Release|TwinCAT OS (ARMT2)
		Release|TwinCAT RT (x64) = Release|TwinCAT RT (x64)
		Release|TwinCAT RT (x86) = Release|TwinCAT RT (x86)
	EndGlobalSection
	GlobalSection(ProjectConfigurationPlatforms) = postSolution
		{3FB59492-9567-4C3B-9771-47892F1E721C}.Debug|TwinCAT CE7 (ARMV7).ActiveCfg = Debug|TwinCAT CE7 (ARMV7)
		{3FB59492-9567-4C3B-9771-47892F1E721C}.Debug|TwinCAT CE7 (ARMV7).Build.0 = Debug|TwinCAT CE7 (ARMV7)
		{3FB59492-9567-4C3B-9771-47892F1E721C}.Debug|TwinCAT OS (ARMT2).ActiveCfg = Debug|TwinCAT OS (ARMT2)
		{3FB59492-9567-4C3B-9771-47892F1E721C}.Debug|TwinCAT OS (ARMT2).Build.0 = Debug|TwinCAT OS (ARMT2)
		{3FB59492-9567-4C3B-9771-47892F1E721C}.Debug|TwinCAT RT (x64).ActiveCfg = Debug|TwinCAT RT (x64)
		{3FB59492-9567-4C3B-9771-47892F1E721C}.Debug|TwinCAT RT (x64).Build.0 = Debug|TwinCAT RT (x64)
		{3FB59492-9567-4C3B-9771-47892F1E721C}.Debug|TwinCAT RT (x86).ActiveCfg = Debug|TwinCAT RT (x86)
		{3FB59492-9567-4C3B-9771-47892F1E721C}.Debug|TwinCAT RT (x86).Build.0 = Debug|TwinCAT RT (x86)
		{3FB59492-9567-4C3B-9771-47892F1E721C}.Release|TwinCAT CE7 (ARMV7).ActiveCfg = Release|TwinCAT CE7 (ARMV7)
		{3FB59492-9567-4C3B-9771-47892F1E721C}.Release|TwinCAT CE7 (ARMV7).Build.0 = Release|TwinCAT CE7 (ARMV7)
		{3FB59492-9567-4C3B-9771-47892F1E721C}.Release|TwinCAT OS (ARMT2).ActiveCfg = Release|TwinCAT OS (ARMT2)
		{3FB59492-9567-4C3B-9771-47892F1E721C}.Release|TwinCAT OS (ARMT2).Build.0 = Release|TwinCAT OS (ARMT2)
		{3FB59492-9567-4C3B-9771-47892F1E721C}.Release|TwinCAT RT (x64).ActiveCfg = Release|TwinCAT RT (x64)
		{3FB59492-9567-4C3B-9771-47892F1E721C}.Release|TwinCAT RT (x64).Build.0 = Release|TwinCAT RT (x64)
		{3FB59492-9567-4C3B-9771-47892F1E721C}.Release|TwinCAT RT (x86).ActiveCfg = Release|TwinCAT RT (x86)
		{3FB59492-9567-4C3B-9771-47892F1E721C}.Release|TwinCAT RT (x86).Build.0 = Release|TwinCAT RT (x86)
		{93B5FB6F-6531-4D14-BB51-F3FC33410D3B}.Debug|TwinCAT CE7 (ARMV7).ActiveCfg = Debug|TwinCAT CE7 (ARMV7)
		{93B5FB6F-6531-4D14-BB51-F3FC33410D3B}.Debug|TwinCAT OS (ARMT2).ActiveCfg = Debug|TwinCAT OS (ARMT2)
		{93B5FB6F-6531-4D14-BB51-F3FC33410D3B}.Debug|TwinCAT OS (ARMT2).Build.0 = Debug|TwinCAT OS (ARMT2)
		{93B5FB6F-6531-4D14-BB51-F3FC33410D3B}.Debug|TwinCAT RT (x64).ActiveCfg = Debug|TwinCAT RT (x64)
		{93B5FB6F-6531-4D14-BB51-F3FC33410D3B}.Debug|TwinCAT RT (x86).ActiveCfg = Debug|TwinCAT RT (x86)
		{93B5FB6F-6531-4D14-BB51-F3FC33410D3B}.Debug|TwinCAT RT (x86).Build.0 = Debug|TwinCAT RT (x86)
		{93B5FB6F-6531-4D14-BB51-F3FC33410D3B}.Release|TwinCAT CE7 (ARMV7).ActiveCfg = Release|TwinCAT CE7 (ARMV7)
		{93B5FB6F-6531-4D14-BB51-F3FC33410D3B}.Release|TwinCAT CE7 (ARMV7).Build.0 = Release|TwinCAT CE7 (ARMV7)
		{93B5FB6F-6531-4D14-BB51-F3FC33410D3B}.Release|TwinCAT OS (ARMT2).ActiveCfg = Release|TwinCAT OS (ARMT2)
		{93B5FB6F-6531-4D14-BB51-F3FC33410D3B}.Release|TwinCAT OS (ARMT2).Build.0 = Release|TwinCAT OS (ARMT2)
		{93B5FB6F-6531-4D14-BB51-F3FC33410D3B}.Release|TwinCAT RT (x64).ActiveCfg = Release|TwinCAT RT (x64)
		{93B5FB6F-6531-4D14-BB51-F3FC33410D3B}.Release|TwinCAT RT (x64).Build.0 = Release|TwinCAT RT (x64)
		{93B5FB6F-6531-4D14-BB51-F3FC33410D3B}.Release|TwinCAT RT (x86).ActiveCfg = Release|TwinCAT RT (x86)
		{93B5FB6F-6531-4D14-BB51-F3FC33410D3B}.Release|TwinCAT RT (x86).Build.0 = Release|TwinCAT RT (x86)
		{F931E8FA-2EC8-4584-A2B4-E7B5233BF2F9}.Debug|TwinCAT CE7 (ARMV7).ActiveCfg = Debug|TwinCAT CE7 (ARMV7)
		{F931E8FA-2EC8-4584-A2B4-E7B5233BF2F9}.Debug|TwinCAT OS (ARMT2).ActiveCfg = Debug|TwinCAT OS (ARMT2)
		{F931E8FA-2EC8-4584-A2B4-E7B5233BF2F9}.Debug|TwinCAT OS (ARMT2).Build.0 = Debug|TwinCAT OS (ARMT2)
		{F931E8FA-2EC8-4584-A2B4-E7B5233BF2F9}.Debug|TwinCAT RT (x64).ActiveCfg = Debug|TwinCAT RT (x64)
		{F931E8FA-2EC8-4584-A2B4-E7B5233BF2F9}.Debug|TwinCAT RT (x86).ActiveCfg = Debug|TwinCAT RT (x86)
		{F931E8FA-2EC8-4584-A2B4-E7B5233BF2F9}.Debug|TwinCAT RT (x86).Build.0 = Debug|TwinCAT RT (x86)
		{F931E8FA-2EC8-4584-A2B4-E7B5233BF2F9}.Release|TwinCAT CE7 (ARMV7).ActiveCfg = Release|TwinCAT CE7 (ARMV7)
		{F931E8FA-2EC8-4584-A2B4-E7B5233BF2F9}.Release|TwinCAT CE7 (ARMV7).Build.0 = Release|TwinCAT CE7 (ARMV7)
		{F931E8FA-2EC8-4584-A2B4-E7B5233BF2F9}.Release|TwinCAT OS (ARMT2).ActiveCfg = Release|TwinCAT OS (ARMT2)
		{F931E8FA-2EC8-4584-A2B4-E7B5233BF2F9}.Release|TwinCAT OS (ARMT2).Build.0 = Release|TwinCAT OS (ARMT2)
		{F931E8FA-2EC8-4584-A2B4-E7B5233BF2F9}.Release|TwinCAT RT (x64).ActiveCfg = Release|TwinCAT RT (x64)
		{F931E8FA-2EC8-4584-A2B4-E7B5233BF2F9}.Release|TwinCAT RT (x64).Build.0 = Release|TwinCAT RT (x64)
		{F931E8FA-2EC8-4584-A2B4-E7B5233BF2F9}.Release|TwinCAT RT (x86).ActiveCfg = Release|TwinCAT RT (x86)
		{F931E8FA-2EC8-4584-A2B4-E7B5233BF2F9}.Release|TwinCAT RT (x86).Build.0 = Release|TwinCAT RT (x86)
		{DD3289B3-5F18-4707-B979-EC10E3D0CAE2}.Debug|TwinCAT CE7 (ARMV7).ActiveCfg = Debug|TwinCAT CE7 (ARMV7)
		{DD3289B3-5F18-4707-B979-EC10E3D0CAE2}.Debug|TwinCAT CE7 (ARMV7).Build.0 = Debug|TwinCAT CE7 (ARMV7)
		{DD3289B3-5F18-4707-B979-EC10E3D0CAE2}.Debug|TwinCAT OS (ARMT2).ActiveCfg = Debug|TwinCAT OS (ARMT2)
		{DD3289B3-5F18-4707-B979-EC10E3D0CAE2}.Debug|TwinCAT OS (ARMT2).Build.0 = Debug|TwinCAT OS (ARMT2)
		{DD3289B3-5F18-4707-B979-EC10E3D0CAE2}.Debug|TwinCAT RT (x64).ActiveCfg = Debug|TwinCAT RT (x64)
		{DD3289B3-5F18-4707-B979-EC10E3D0CAE2}.Debug|TwinCAT RT (x86).ActiveCfg = Debug|TwinCAT RT (x86)
		{DD3289B3-5F18-4707-B979-EC10E3D0CAE2}.Debug|TwinCAT RT (x86).Build.0 = Debug|TwinCAT RT (x86)
		{DD3289B3-5F18-4707-B979-EC10E3D0CAE2}.Release|TwinCAT CE7 (ARMV7).ActiveCfg = Release|TwinCAT CE7 (ARMV7)
		{DD3289B3-5F18-4707-B979-EC10E3D0CAE2}.Release|TwinCAT CE7 (ARMV7).Build.0 = Release|TwinCAT CE7 (ARMV7)
		{DD3289B3-5F18-4707-B979-EC10E3D0CAE2}.Release|TwinCAT OS (ARMT2).ActiveCfg = Release|TwinCAT OS (ARMT2)
		{DD3289B3-5F18-4707-B979-EC10E3D0CAE2}.Release|TwinCAT OS (ARMT2).Build.0 = Release|TwinCAT OS (ARMT2)
		{DD3289B3-5F18-4707-B979-EC10E3D0CAE2}.Release|TwinCAT RT (x64).ActiveCfg = Release|TwinCAT RT (x64)
		{DD3289B3-5F18-4707-B979-EC10E3D0CAE2}.Release|TwinCAT RT (x64).Build.0 = Release|TwinCAT RT (x64)
		{DD3289B3-5F18-4707-B979-EC10E3D0CAE2}.Release|TwinCAT RT (x86).ActiveCfg = Release|TwinCAT RT (x86)
		{DD3289B3-5F18-4707-B979-EC10E3D0CAE2}.Release|TwinCAT RT (x86).Build.0 = Release|TwinCAT RT (x86)
		{5893FCE9-99BE-4BCF-A623-7C262BFA9859}.Debug|TwinCAT CE7 (ARMV7).ActiveCfg = Debug|TwinCAT CE7 (ARMV7)
		{5893FCE9-99BE-4BCF-A623-7C262BFA9859}.Debug|TwinCAT CE7 (ARMV7).Build.0 = Debug|TwinCAT CE7 (ARMV7)
		{5893FCE9-99BE-4BCF-A623-7C262BFA9859}.Debug|TwinCAT OS (ARMT2).ActiveCfg = Debug|TwinCAT OS (ARMT2)
		{5893FCE9-99BE-4BCF-A623-7C262BFA9859}.Debug|TwinCAT OS (ARMT2).Build.0 = Debug|TwinCAT OS (ARMT2)
		{5893FCE9-99BE-4BCF-A623-7C262BFA9859}.Debug|TwinCAT RT (x64).ActiveCfg = Debug|TwinCAT RT (x64)
		{5893FCE9-99BE-4BCF-A623-7C262BFA9859}.Debug|TwinCAT RT (x64).Build.0 = Debug|TwinCAT RT (x64)
		{5893FCE9-99BE-4BCF-A623-7C262BFA9859}.Debug|TwinCAT RT (x86).ActiveCfg = Debug|TwinCAT RT (x86)
		{5893FCE9-99BE-4BCF-A623-7C262BFA9859}.Debug|TwinCAT RT (x86).Build.0 = Debug|TwinCAT RT (x86)
		{5893FCE9-99BE-4BCF-A623-7C262BFA9859}.Release|TwinCAT CE7 (ARMV7).ActiveCfg = Release|TwinCAT CE7 (ARMV7)
		{5893FCE9-99BE-4BCF-A623-7C262BFA9859}.Release|TwinCAT CE7 (ARMV7).Build.0 = Release|TwinCAT CE7 (ARMV7)
		{5893FCE9-99BE-4BCF-A623-7C262BFA9859}.Release|TwinCAT OS (ARMT2).ActiveCfg = Release|TwinCAT OS (ARMT2)
		{5893FCE9-99BE-4BCF-A623-7C262BFA9859}.Release|TwinCAT OS (ARMT2).Build.0 = Release|TwinCAT OS (ARMT2)
		{5893FCE9-99BE-4BCF-A623-7C262BFA9859}.Release|TwinCAT RT (x64).ActiveCfg = Release|TwinCAT RT (x64)
		{5893FCE9-99BE-4BCF-A623-7C262BFA9859}.Release|TwinCAT RT (x64).Build.0 = Release|TwinCAT RT (x64)
		{5893FCE9-99BE-4BCF-A623-7C262BFA9859}.Release|TwinCAT RT (x86).ActiveCfg = Release|TwinCAT RT (x86)
		{5893FCE9-99BE-4BCF-A623-7C262BFA9859}.Release|TwinCAT RT (x86).Build.0 = Release|TwinCAT RT (x86)
	EndGlobalSection
	GlobalSection(SolutionProperties) = preSolution
		HideSolutionNode = FALSE
	EndGlobalSection
	GlobalSection(ExtensibilityGlobals) = postSolution
		SolutionGuid = {E145FB49-6B68-4929-886A-14FFBADBE4CF}
	EndGlobalSection
EndGlobal
