
Microsoft Visual Studio Solution File, Format Version 12.00
# Visual Studio 15
VisualStudioVersion = 15.0.28307.1300
MinimumVisualStudioVersion = 10.0.40219.1
Project("{B1E792BE-AA5F-4E3C-8C82-674BF9C0715B}") = "A21b", "A21b\A21b.tsproj", "{715FD16F-423F-4414-81A1-4AA380D95379}"
EndProject
Project("{FE7A1B72-C5B7-4D7C-BB7D-76384D4DE8E1}") = "TcHmiProject1", "TcHmiProject1\TcHmiProject1.hmiproj", "{AB480464-E24C-487E-93F3-94E69DBF4084}"
EndProject
Global
	GlobalSection(SolutionConfigurationPlatforms) = preSolution
		Debug|TwinCAT CE7 (ARMV7) = Debug|TwinCAT CE7 (ARMV7)
		Debug|TwinCAT HMI = Debug|TwinCAT HMI
		Debug|TwinCAT OS (ARMT2) = Debug|TwinCAT OS (ARMT2)
		Debug|TwinCAT RT (x64) = Debug|TwinCAT RT (x64)
		Debug|TwinCAT RT (x86) = Debug|TwinCAT RT (x86)
		Release|TwinCAT CE7 (ARMV7) = Release|TwinCAT CE7 (ARMV7)
		Release|TwinCAT HMI = Release|TwinCAT HMI
		Release|TwinCAT OS (ARMT2) = Release|TwinCAT OS (ARMT2)
		Release|TwinCAT RT (x64) = Release|TwinCAT RT (x64)
		Release|TwinCAT RT (x86) = Release|TwinCAT RT (x86)
	EndGlobalSection
	GlobalSection(ProjectConfigurationPlatforms) = postSolution
		{715FD16F-423F-4414-81A1-4AA380D95379}.Debug|TwinCAT CE7 (ARMV7).ActiveCfg = Debug|TwinCAT CE7 (ARMV7)
		{715FD16F-423F-4414-81A1-4AA380D95379}.Debug|TwinCAT CE7 (ARMV7).Build.0 = Debug|TwinCAT CE7 (ARMV7)
		{715FD16F-423F-4414-81A1-4AA380D95379}.Debug|TwinCAT HMI.ActiveCfg = Debug|TwinCAT RT (x86)
		{715FD16F-423F-4414-81A1-4AA380D95379}.Debug|TwinCAT OS (ARMT2).ActiveCfg = Debug|TwinCAT OS (ARMT2)
		{715FD16F-423F-4414-81A1-4AA380D95379}.Debug|TwinCAT OS (ARMT2).Build.0 = Debug|TwinCAT OS (ARMT2)
		{715FD16F-423F-4414-81A1-4AA380D95379}.Debug|TwinCAT RT (x64).ActiveCfg = Debug|TwinCAT RT (x64)
		{715FD16F-423F-4414-81A1-4AA380D95379}.Debug|TwinCAT RT (x64).Build.0 = Debug|TwinCAT RT (x64)
		{715FD16F-423F-4414-81A1-4AA380D95379}.Debug|TwinCAT RT (x86).ActiveCfg = Debug|TwinCAT RT (x86)
		{715FD16F-423F-4414-81A1-4AA380D95379}.Debug|TwinCAT RT (x86).Build.0 = Debug|TwinCAT RT (x86)
		{715FD16F-423F-4414-81A1-4AA380D95379}.Release|TwinCAT CE7 (ARMV7).ActiveCfg = Release|TwinCAT CE7 (ARMV7)
		{715FD16F-423F-4414-81A1-4AA380D95379}.Release|TwinCAT CE7 (ARMV7).Build.0 = Release|TwinCAT CE7 (ARMV7)
		{715FD16F-423F-4414-81A1-4AA380D95379}.Release|TwinCAT HMI.ActiveCfg = Release|TwinCAT RT (x86)
		{715FD16F-423F-4414-81A1-4AA380D95379}.Release|TwinCAT OS (ARMT2).ActiveCfg = Release|TwinCAT OS (ARMT2)
		{715FD16F-423F-4414-81A1-4AA380D95379}.Release|TwinCAT OS (ARMT2).Build.0 = Release|TwinCAT OS (ARMT2)
		{715FD16F-423F-4414-81A1-4AA380D95379}.Release|TwinCAT RT (x64).ActiveCfg = Release|TwinCAT RT (x64)
		{715FD16F-423F-4414-81A1-4AA380D95379}.Release|TwinCAT RT (x64).Build.0 = Release|TwinCAT RT (x64)
		{715FD16F-423F-4414-81A1-4AA380D95379}.Release|TwinCAT RT (x86).ActiveCfg = Release|TwinCAT RT (x86)
		{715FD16F-423F-4414-81A1-4AA380D95379}.Release|TwinCAT RT (x86).Build.0 = Release|TwinCAT RT (x86)
		{AB480464-E24C-487E-93F3-94E69DBF4084}.Debug|TwinCAT CE7 (ARMV7).ActiveCfg = Debug|TwinCAT HMI
		{AB480464-E24C-487E-93F3-94E69DBF4084}.Debug|TwinCAT HMI.ActiveCfg = Debug|TwinCAT HMI
		{AB480464-E24C-487E-93F3-94E69DBF4084}.Debug|TwinCAT HMI.Build.0 = Debug|TwinCAT HMI
		{AB480464-E24C-487E-93F3-94E69DBF4084}.Debug|TwinCAT OS (ARMT2).ActiveCfg = Debug|TwinCAT HMI
		{AB480464-E24C-487E-93F3-94E69DBF4084}.Debug|TwinCAT RT (x64).ActiveCfg = Debug|TwinCAT HMI
		{AB480464-E24C-487E-93F3-94E69DBF4084}.Debug|TwinCAT RT (x86).ActiveCfg = Debug|TwinCAT HMI
		{AB480464-E24C-487E-93F3-94E69DBF4084}.Release|TwinCAT CE7 (ARMV7).ActiveCfg = Release|TwinCAT HMI
		{AB480464-E24C-487E-93F3-94E69DBF4084}.Release|TwinCAT HMI.ActiveCfg = Release|TwinCAT HMI
		{AB480464-E24C-487E-93F3-94E69DBF4084}.Release|TwinCAT HMI.Build.0 = Release|TwinCAT HMI
		{AB480464-E24C-487E-93F3-94E69DBF4084}.Release|TwinCAT OS (ARMT2).ActiveCfg = Release|TwinCAT HMI
		{AB480464-E24C-487E-93F3-94E69DBF4084}.Release|TwinCAT RT (x64).ActiveCfg = Release|TwinCAT HMI
		{AB480464-E24C-487E-93F3-94E69DBF4084}.Release|TwinCAT RT (x86).ActiveCfg = Release|TwinCAT HMI
		{E9571829-45C8-446A-8EB4-A7C28CCAD583}.Debug|TwinCAT CE7 (ARMV7).ActiveCfg = Debug|TwinCAT CE7 (ARMV7)
		{E9571829-45C8-446A-8EB4-A7C28CCAD583}.Debug|TwinCAT CE7 (ARMV7).Build.0 = Debug|TwinCAT CE7 (ARMV7)
		{E9571829-45C8-446A-8EB4-A7C28CCAD583}.Debug|TwinCAT HMI.ActiveCfg = Debug|TwinCAT RT (x86)
		{E9571829-45C8-446A-8EB4-A7C28CCAD583}.Debug|TwinCAT OS (ARMT2).ActiveCfg = Debug|TwinCAT OS (ARMT2)
		{E9571829-45C8-446A-8EB4-A7C28CCAD583}.Debug|TwinCAT OS (ARMT2).Build.0 = Debug|TwinCAT OS (ARMT2)
		{E9571829-45C8-446A-8EB4-A7C28CCAD583}.Debug|TwinCAT RT (x64).ActiveCfg = Debug|TwinCAT RT (x64)
		{E9571829-45C8-446A-8EB4-A7C28CCAD583}.Debug|TwinCAT RT (x64).Build.0 = Debug|TwinCAT RT (x64)
		{E9571829-45C8-446A-8EB4-A7C28CCAD583}.Debug|TwinCAT RT (x86).ActiveCfg = Debug|TwinCAT RT (x86)
		{E9571829-45C8-446A-8EB4-A7C28CCAD583}.Debug|TwinCAT RT (x86).Build.0 = Debug|TwinCAT RT (x86)
		{E9571829-45C8-446A-8EB4-A7C28CCAD583}.Release|TwinCAT CE7 (ARMV7).ActiveCfg = Release|TwinCAT CE7 (ARMV7)
		{E9571829-45C8-446A-8EB4-A7C28CCAD583}.Release|TwinCAT CE7 (ARMV7).Build.0 = Release|TwinCAT CE7 (ARMV7)
		{E9571829-45C8-446A-8EB4-A7C28CCAD583}.Release|TwinCAT HMI.ActiveCfg = Release|TwinCAT RT (x86)
		{E9571829-45C8-446A-8EB4-A7C28CCAD583}.Release|TwinCAT OS (ARMT2).ActiveCfg = Release|TwinCAT OS (ARMT2)
		{E9571829-45C8-446A-8EB4-A7C28CCAD583}.Release|TwinCAT OS (ARMT2).Build.0 = Release|TwinCAT OS (ARMT2)
		{E9571829-45C8-446A-8EB4-A7C28CCAD583}.Release|TwinCAT RT (x64).ActiveCfg = Release|TwinCAT RT (x64)
		{E9571829-45C8-446A-8EB4-A7C28CCAD583}.Release|TwinCAT RT (x64).Build.0 = Release|TwinCAT RT (x64)
		{E9571829-45C8-446A-8EB4-A7C28CCAD583}.Release|TwinCAT RT (x86).ActiveCfg = Release|TwinCAT RT (x86)
		{E9571829-45C8-446A-8EB4-A7C28CCAD583}.Release|TwinCAT RT (x86).Build.0 = Release|TwinCAT RT (x86)
	EndGlobalSection
	GlobalSection(SolutionProperties) = preSolution
		HideSolutionNode = FALSE
	EndGlobalSection
	GlobalSection(ExtensibilityGlobals) = postSolution
		SolutionGuid = {4A4AB13C-1BD7-492C-8923-6B51AD1001CF}
	EndGlobalSection
EndGlobal
